// !$*UTF8*$!
{
	archiveVersion = 1;
	classes = {
	};
	objectVersion = 51;
	objects = {

/* Begin PBXBuildFile section */
		415FE3F322D17B8A00AE3976 /* MyLeftViewController.m in Sources */ = {isa = PBXBuildFile; fileRef = 415FE3F222D17B8A00AE3976 /* MyLeftViewController.m */; };
		415FE3F922D1809000AE3976 /* UIColor+QD.m in Sources */ = {isa = PBXBuildFile; fileRef = 415FE3F822D1809000AE3976 /* UIColor+QD.m */; };
		4187F1CE22D178C000A59C33 /* AppDelegate.m in Sources */ = {isa = PBXBuildFile; fileRef = 4187F1CD22D178C000A59C33 /* AppDelegate.m */; };
		4187F1D122D178C000A59C33 /* ViewController.m in Sources */ = {isa = PBXBuildFile; fileRef = 4187F1D022D178C000A59C33 /* ViewController.m */; };
		4187F1D422D178C000A59C33 /* Main.storyboard in Resources */ = {isa = PBXBuildFile; fileRef = 4187F1D222D178C000A59C33 /* Main.storyboard */; };
		4187F1D622D178C300A59C33 /* Assets.xcassets in Resources */ = {isa = PBXBuildFile; fileRef = 4187F1D522D178C300A59C33 /* Assets.xcassets */; };
		4187F1D922D178C300A59C33 /* LaunchScreen.storyboard in Resources */ = {isa = PBXBuildFile; fileRef = 4187F1D722D178C300A59C33 /* LaunchScreen.storyboard */; };
		4187F1DC22D178C300A59C33 /* main.m in Sources */ = {isa = PBXBuildFile; fileRef = 4187F1DB22D178C300A59C33 /* main.m */; };
		4187F1E822D17A9300A59C33 /* MyCenterViewController.m in Sources */ = {isa = PBXBuildFile; fileRef = 4187F1E722D17A9300A59C33 /* MyCenterViewController.m */; };
		B2BC89BCC212D4080FED882A /* Pods_MMDrawerDemo.framework in Frameworks */ = {isa = PBXBuildFile; fileRef = CE14F09BBF9DCBE13469E9FF /* Pods_MMDrawerDemo.framework */; };
/* End PBXBuildFile section */

/* Begin PBXFileReference section */
		415FE3F122D17B8A00AE3976 /* MyLeftViewController.h */ = {isa = PBXFileReference; lastKnownFileType = sourcecode.c.h; path = MyLeftViewController.h; sourceTree = "<group>"; };
		415FE3F222D17B8A00AE3976 /* MyLeftViewController.m */ = {isa = PBXFileReference; lastKnownFileType = sourcecode.c.objc; path = MyLeftViewController.m; sourceTree = "<group>"; };
		415FE3F722D1809000AE3976 /* UIColor+QD.h */ = {isa = PBXFileReference; lastKnownFileType = sourcecode.c.h; path = "UIColor+QD.h"; sourceTree = "<group>"; };
		415FE3F822D1809000AE3976 /* UIColor+QD.m */ = {isa = PBXFileReference; lastKnownFileType = sourcecode.c.objc; path = "UIColor+QD.m"; sourceTree = "<group>"; };
		4187F1C922D178C000A59C33 /* MMDrawerDemo.app */ = {isa = PBXFileReference; explicitFileType = wrapper.application; includeInIndex = 0; path = MMDrawerDemo.app; sourceTree = BUILT_PRODUCTS_DIR; };
		4187F1CC22D178C000A59C33 /* AppDelegate.h */ = {isa = PBXFileReference; lastKnownFileType = sourcecode.c.h; path = AppDelegate.h; sourceTree = "<group>"; };
		4187F1CD22D178C000A59C33 /* AppDelegate.m */ = {isa = PBXFileReference; lastKnownFileType = sourcecode.c.objc; path = AppDelegate.m; sourceTree = "<group>"; };
		4187F1CF22D178C000A59C33 /* ViewController.h */ = {isa = PBXFileReference; lastKnownFileType = sourcecode.c.h; path = ViewController.h; sourceTree = "<group>"; };
		4187F1D022D178C000A59C33 /* ViewController.m */ = {isa = PBXFileReference; lastKnownFileType = sourcecode.c.objc; path = ViewController.m; sourceTree = "<group>"; };
		4187F1D322D178C000A59C33 /* Base */ = {isa = PBXFileReference; lastKnownFileType = file.storyboard; name = Base; path = Base.lproj/Main.storyboard; sourceTree = "<group>"; };
		4187F1D522D178C300A59C33 /* Assets.xcassets */ = {isa = PBXFileReference; lastKnownFileType = folder.assetcatalog; path = Assets.xcassets; sourceTree = "<group>"; };
		4187F1D822D178C300A59C33 /* Base */ = {isa = PBXFileReference; lastKnownFileType = file.storyboard; name = Base; path = Base.lproj/LaunchScreen.storyboard; sourceTree = "<group>"; };
		4187F1DA22D178C300A59C33 /* Info.plist */ = {isa = PBXFileReference; lastKnownFileType = text.plist.xml; path = Info.plist; sourceTree = "<group>"; };
		4187F1DB22D178C300A59C33 /* main.m */ = {isa = PBXFileReference; lastKnownFileType = sourcecode.c.objc; path = main.m; sourceTree = "<group>"; };
		4187F1E622D17A9300A59C33 /* MyCenterViewController.h */ = {isa = PBXFileReference; fileEncoding = 4; lastKnownFileType = sourcecode.c.h; path = MyCenterViewController.h; sourceTree = "<group>"; };
		4187F1E722D17A9300A59C33 /* MyCenterViewController.m */ = {isa = PBXFileReference; fileEncoding = 4; lastKnownFileType = sourcecode.c.objc; path = MyCenterViewController.m; sourceTree = "<group>"; };
		CE14F09BBF9DCBE13469E9FF /* Pods_MMDrawerDemo.framework */ = {isa = PBXFileReference; explicitFileType = wrapper.framework; includeInIndex = 0; path = Pods_MMDrawerDemo.framework; sourceTree = BUILT_PRODUCTS_DIR; };
		D74E510F0814E2E1C84E87FC /* Pods-MMDrawerDemo.release.xcconfig */ = {isa = PBXFileReference; includeInIndex = 1; lastKnownFileType = text.xcconfig; name = "Pods-MMDrawerDemo.release.xcconfig"; path = "Target Support Files/Pods-MMDrawerDemo/Pods-MMDrawerDemo.release.xcconfig"; sourceTree = "<group>"; };
		E061B38037921C1C4DDC642C /* Pods-MMDrawerDemo.debug.xcconfig */ = {isa = PBXFileReference; includeInIndex = 1; lastKnownFileType = text.xcconfig; name = "Pods-MMDrawerDemo.debug.xcconfig"; path = "Target Support Files/Pods-MMDrawerDemo/Pods-MMDrawerDemo.debug.xcconfig"; sourceTree = "<group>"; };
/* End PBXFileReference section */

/* Begin PBXFrameworksBuildPhase section */
		4187F1C622D178C000A59C33 /* Frameworks */ = {
			isa = PBXFrameworksBuildPhase;
			buildActionMask = 2147483647;
			files = (
				B2BC89BCC212D4080FED882A /* Pods_MMDrawerDemo.framework in Frameworks */,
			);
			runOnlyForDeploymentPostprocessing = 0;
		};
/* End PBXFrameworksBuildPhase section */

/* Begin PBXGroup section */
		3C2ACD34B42948611C45047D /* Pods */ = {
			isa = PBXGroup;
			children = (
				E061B38037921C1C4DDC642C /* Pods-MMDrawerDemo.debug.xcconfig */,
				D74E510F0814E2E1C84E87FC /* Pods-MMDrawerDemo.release.xcconfig */,
			);
			path = Pods;
			sourceTree = "<group>";
		};
		4187F1C022D178C000A59C33 = {
			isa = PBXGroup;
			children = (
				4187F1CB22D178C000A59C33 /* MMDrawerDemo */,
				4187F1CA22D178C000A59C33 /* Products */,
				3C2ACD34B42948611C45047D /* Pods */,
				610F4639FA6EA117D2304851 /* Frameworks */,
			);
			sourceTree = "<group>";
		};
		4187F1CA22D178C000A59C33 /* Products */ = {
			isa = PBXGroup;
			children = (
				4187F1C922D178C000A59C33 /* MMDrawerDemo.app */,
			);
			name = Products;
			sourceTree = "<group>";
		};
		4187F1CB22D178C000A59C33 /* MMDrawerDemo */ = {
			isa = PBXGroup;
			children = (
				4187F1E522D17A9300A59C33 /* My */,
				4187F1CC22D178C000A59C33 /* AppDelegate.h */,
				4187F1CD22D178C000A59C33 /* AppDelegate.m */,
				4187F1CF22D178C000A59C33 /* ViewController.h */,
				4187F1D022D178C000A59C33 /* ViewController.m */,
				4187F1D222D178C000A59C33 /* Main.storyboard */,
				4187F1D522D178C300A59C33 /* Assets.xcassets */,
				4187F1D722D178C300A59C33 /* LaunchScreen.storyboard */,
				4187F1DA22D178C300A59C33 /* Info.plist */,
				4187F1DB22D178C300A59C33 /* main.m */,
			);
			path = MMDrawerDemo;
			sourceTree = "<group>";
		};
		4187F1E522D17A9300A59C33 /* My */ = {
			isa = PBXGroup;
			children = (
				4187F1E622D17A9300A59C33 /* MyCenterViewController.h */,
				4187F1E722D17A9300A59C33 /* MyCenterViewController.m */,
				415FE3F122D17B8A00AE3976 /* MyLeftViewController.h */,
				415FE3F222D17B8A00AE3976 /* MyLeftViewController.m */,
				415FE3F722D1809000AE3976 /* UIColor+QD.h */,
				415FE3F822D1809000AE3976 /* UIColor+QD.m */,
			);
			path = My;
			sourceTree = "<group>";
		};
		610F4639FA6EA117D2304851 /* Frameworks */ = {
			isa = PBXGroup;
			children = (
				CE14F09BBF9DCBE13469E9FF /* Pods_MMDrawerDemo.framework */,
			);
			name = Frameworks;
			sourceTree = "<group>";
		};
/* End PBXGroup section */

/* Begin PBXNativeTarget section */
		4187F1C822D178C000A59C33 /* MMDrawerDemo */ = {
			isa = PBXNativeTarget;
			buildConfigurationList = 4187F1DF22D178C300A59C33 /* Build configuration list for PBXNativeTarget "MMDrawerDemo" */;
			buildPhases = (
				DB41EBF79C40E06C30F4F3CD /* [CP] Check Pods Manifest.lock */,
				4187F1C522D178C000A59C33 /* Sources */,
				4187F1C622D178C000A59C33 /* Frameworks */,
				4187F1C722D178C000A59C33 /* Resources */,
				CEE93B5645895360ABC2CC29 /* [CP] Embed Pods Frameworks */,
			);
			buildRules = (
			);
			dependencies = (
			);
			name = MMDrawerDemo;
			productName = MMDrawerDemo;
			productReference = 4187F1C922D178C000A59C33 /* MMDrawerDemo.app */;
			productType = "com.apple.product-type.application";
		};
/* End PBXNativeTarget section */

/* Begin PBXProject section */
		4187F1C122D178C000A59C33 /* Project object */ = {
			isa = PBXProject;
			attributes = {
				LastUpgradeCheck = 1020;
				ORGANIZATIONNAME = sinno;
				TargetAttributes = {
					4187F1C822D178C000A59C33 = {
						CreatedOnToolsVersion = 10.2.1;
					};
				};
			};
			buildConfigurationList = 4187F1C422D178C000A59C33 /* Build configuration list for PBXProject "MMDrawerDemo" */;
			compatibilityVersion = "Xcode 9.3";
			developmentRegion = en;
			hasScannedForEncodings = 0;
			knownRegions = (
				en,
				Base,
			);
			mainGroup = 4187F1C022D178C000A59C33;
			productRefGroup = 4187F1CA22D178C000A59C33 /* Products */;
			projectDirPath = "";
			projectRoot = "";
			targets = (
				4187F1C822D178C000A59C33 /* MMDrawerDemo */,
			);
		};
/* End PBXProject section */

/* Begin PBXResourcesBuildPhase section */
		4187F1C722D178C000A59C33 /* Resources */ = {
			isa = PBXResourcesBuildPhase;
			buildActionMask = 2147483647;
			files = (
				4187F1D922D178C300A59C33 /* LaunchScreen.storyboard in Resources */,
				4187F1D622D178C300A59C33 /* Assets.xcassets in Resources */,
				4187F1D422D178C000A59C33 /* Main.storyboard in Resources */,
			);
			runOnlyForDeploymentPostprocessing = 0;
		};
/* End PBXResourcesBuildPhase section */

/* Begin PBXShellScriptBuildPhase section */
		CEE93B5645895360ABC2CC29 /* [CP] Embed Pods Frameworks */ = {
			isa = PBXShellScriptBuildPhase;
			buildActionMask = 2147483647;
			files = (
			);
			inputFileListPaths = (
				"${PODS_ROOT}/Target Support Files/Pods-MMDrawerDemo/Pods-MMDrawerDemo-frameworks-${CONFIGURATION}-input-files.xcfilelist",
			);
			name = "[CP] Embed Pods Frameworks";
			outputFileListPaths = (
				"${PODS_ROOT}/Target Support Files/Pods-MMDrawerDemo/Pods-MMDrawerDemo-frameworks-${CONFIGURATION}-output-files.xcfilelist",
			);
			runOnlyForDeploymentPostprocessing = 0;
			shellPath = /bin/sh;
			shellScript = "\"${PODS_ROOT}/Target Support Files/Pods-MMDrawerDemo/Pods-MMDrawerDemo-frameworks.sh\"\n";
			showEnvVarsInLog = 0;
		};
		DB41EBF79C40E06C30F4F3CD /* [CP] Check Pods Manifest.lock */ = {
			isa = PBXShellScriptBuildPhase;
			buildActionMask = 2147483647;
			files = (
			);
			inputFileListPaths = (
			);
			inputPaths = (
				"${PODS_PODFILE_DIR_PATH}/Podfile.lock",
				"${PODS_ROOT}/Manifest.lock",
			);
			name = "[CP] Check Pods Manifest.lock";
			outputFileListPaths = (
			);
			outputPaths = (
				"$(DERIVED_FILE_DIR)/Pods-MMDrawerDemo-checkManifestLockResult.txt",
			);
			runOnlyForDeploymentPostprocessing = 0;
			shellPath = /bin/sh;
			shellScript = "diff \"${PODS_PODFILE_DIR_PATH}/Podfile.lock\" \"${PODS_ROOT}/Manifest.lock\" > /dev/null\nif [ $? != 0 ] ; then\n    # print error to STDERR\n    echo \"error: The sandbox is not in sync with the Podfile.lock. Run 'pod install' or update your CocoaPods installation.\" >&2\n    exit 1\nfi\n# This output is used by Xcode 'outputs' to avoid re-running this script phase.\necho \"SUCCESS\" > \"${SCRIPT_OUTPUT_FILE_0}\"\n";
			showEnvVarsInLog = 0;
		};
/* End PBXShellScriptBuildPhase section */

/* Begin PBXSourcesBuildPhase section */
		4187F1C522D178C000A59C33 /* Sources */ = {
			isa = PBXSourcesBuildPhase;
			buildActionMask = 2147483647;
			files = (
				4187F1D122D178C000A59C33 /* ViewController.m in Sources */,
				415FE3F922D1809000AE3976 /* UIColor+QD.m in Sources */,
				415FE3F322D17B8A00AE3976 /* MyLeftViewController.m in Sources */,
				4187F1E822D17A9300A59C33 /* MyCenterViewController.m in Sources */,
				4187F1DC22D178C300A59C33 /* main.m in Sources */,
				4187F1CE22D178C000A59C33 /* AppDelegate.m in Sources */,
			);
			runOnlyForDeploymentPostprocessing = 0;
		};
/* End PBXSourcesBuildPhase section */

/* Begin PBXVariantGroup section */
		4187F1D222D178C000A59C33 /* Main.storyboard */ = {
			isa = PBXVariantGroup;
			children = (
				4187F1D322D178C000A59C33 /* Base */,
			);
			name = Main.storyboard;
			sourceTree = "<group>";
		};
		4187F1D722D178C300A59C33 /* LaunchScreen.storyboard */ = {
			isa = PBXVariantGroup;
			children = (
				4187F1D822D178C300A59C33 /* Base */,
			);
			name = LaunchScreen.storyboard;
			sourceTree = "<group>";
		};
/* End PBXVariantGroup section */

/* Begin XCBuildConfiguration section */
		4187F1DD22D178C300A59C33 /* Debug */ = {
			isa = XCBuildConfiguration;
			buildSettings = {
				ALWAYS_SEARCH_USER_PATHS = NO;
				CLANG_ANALYZER_NONNULL = YES;
				CLANG_ANALYZER_NUMBER_OBJECT_CONVERSION = YES_AGGRESSIVE;
				CLANG_CXX_LANGUAGE_STANDARD = "gnu++14";
				CLANG_CXX_LIBRARY = "libc++";
				CLANG_ENABLE_MODULES = YES;
				CLANG_ENABLE_OBJC_ARC = YES;
				CLANG_ENABLE_OBJC_WEAK = YES;
				CLANG_WARN_BLOCK_CAPTURE_AUTORELEASING = YES;
				CLANG_WARN_BOOL_CONVERSION = YES;
				CLANG_WARN_COMMA = YES;
				CLANG_WARN_CONSTANT_CONVERSION = YES;
				CLANG_WARN_DEPRECATED_OBJC_IMPLEMENTATIONS = YES;
				CLANG_WARN_DIRECT_OBJC_ISA_USAGE = YES_ERROR;
				CLANG_WARN_DOCUMENTATION_COMMENTS = YES;
				CLANG_WARN_EMPTY_BODY = YES;
				CLANG_WARN_ENUM_CONVERSION = YES;
				CLANG_WARN_INFINITE_RECURSION = YES;
				CLANG_WARN_INT_CONVERSION = YES;
				CLANG_WARN_NON_LITERAL_NULL_CONVERSION = YES;
				CLANG_WARN_OBJC_IMPLICIT_RETAIN_SELF = YES;
				CLANG_WARN_OBJC_LITERAL_CONVERSION = YES;
				CLANG_WARN_OBJC_ROOT_CLASS = YES_ERROR;
				CLANG_WARN_RANGE_LOOP_ANALYSIS = YES;
				CLANG_WARN_STRICT_PROTOTYPES = YES;
				CLANG_WARN_SUSPICIOUS_MOVE = YES;
				CLANG_WARN_UNGUARDED_AVAILABILITY = YES_AGGRESSIVE;
				CLANG_WARN_UNREACHABLE_CODE = YES;
				CLANG_WARN__DUPLICATE_METHOD_MATCH = YES;
				CODE_SIGN_IDENTITY = "iPhone Developer";
				COPY_PHASE_STRIP = NO;
				DEBUG_INFORMATION_FORMAT = dwarf;
				ENABLE_STRICT_OBJC_MSGSEND = YES;
				ENABLE_TESTABILITY = YES;
				GCC_C_LANGUAGE_STANDARD = gnu11;
				GCC_DYNAMIC_NO_PIC = NO;
				GCC_NO_COMMON_BLOCKS = YES;
				GCC_OPTIMIZATION_LEVEL = 0;
				GCC_PREPROCESSOR_DEFINITIONS = (
					"DEBUG=1",
					"$(inherited)",
				);
				GCC_WARN_64_TO_32_BIT_CONVERSION = YES;
				GCC_WARN_ABOUT_RETURN_TYPE = YES_ERROR;
				GCC_WARN_UNDECLARED_SELECTOR = YES;
				GCC_WARN_UNINITIALIZED_AUTOS = YES_AGGRESSIVE;
				GCC_WARN_UNUSED_FUNCTION = YES;
				GCC_WARN_UNUSED_VARIABLE = YES;
				IPHONEOS_DEPLOYMENT_TARGET = 12.2;
				MTL_ENABLE_DEBUG_INFO = INCLUDE_SOURCE;
				MTL_FAST_MATH = YES;
				ONLY_ACTIVE_ARCH = YES;
				SDKROOT = iphoneos;
			};
			name = Debug;
		};
		4187F1DE22D178C300A59C33 /* Release */ = {
			isa = XCBuildConfiguration;
			buildSettings = {
				ALWAYS_SEARCH_USER_PATHS = NO;
				CLANG_ANALYZER_NONNULL = YES;
				CLANG_ANALYZER_NUMBER_OBJECT_CONVERSION = YES_AGGRESSIVE;
				CLANG_CXX_LANGUAGE_STANDARD = "gnu++14";
				CLANG_CXX_LIBRARY = "libc++";
				CLANG_ENABLE_MODULES = YES;
				CLANG_ENABLE_OBJC_ARC = YES;
				CLANG_ENABLE_OBJC_WEAK = YES;
				CLANG_WARN_BLOCK_CAPTURE_AUTORELEASING = YES;
				CLANG_WARN_BOOL_CONVERSION = YES;
				CLANG_WARN_COMMA = YES;
				CLANG_WARN_CONSTANT_CONVERSION = YES;
				CLANG_WARN_DEPRECATED_OBJC_IMPLEMENTATIONS = YES;
				CLANG_WARN_DIRECT_OBJC_ISA_USAGE = YES_ERROR;
				CLANG_WARN_DOCUMENTATION_COMMENTS = YES;
				CLANG_WARN_EMPTY_BODY = YES;
				CLANG_WARN_ENUM_CONVERSION = YES;
				CLANG_WARN_INFINITE_RECURSION = YES;
				CLANG_WARN_INT_CONVERSION = YES;
				CLANG_WARN_NON_LITERAL_NULL_CONVERSION = YES;
				CLANG_WARN_OBJC_IMPLICIT_RETAIN_SELF = YES;
				CLANG_WARN_OBJC_LITERAL_CONVERSION = YES;
				CLANG_WARN_OBJC_ROOT_CLASS = YES_ERROR;
				CLANG_WARN_RANGE_LOOP_ANALYSIS = YES;
				CLANG_WARN_STRICT_PROTOTYPES = YES;
				CLANG_WARN_SUSPICIOUS_MOVE = YES;
				CLANG_WARN_UNGUARDED_AVAILABILITY = YES_AGGRESSIVE;
				CLANG_WARN_UNREACHABLE_CODE = YES;
				CLANG_WARN__DUPLICATE_METHOD_MATCH = YES;
				CODE_SIGN_IDENTITY = "iPhone Developer";
				COPY_PHASE_STRIP = NO;
				DEBUG_INFORMATION_FORMAT = "dwarf-with-dsym";
				ENABLE_NS_ASSERTIONS = NO;
				ENABLE_STRICT_OBJC_MSGSEND = YES;
				GCC_C_LANGUAGE_STANDARD = gnu11;
				GCC_NO_COMMON_BLOCKS = YES;
				GCC_WARN_64_TO_32_BIT_CONVERSION = YES;
				GCC_WARN_ABOUT_RETURN_TYPE = YES_ERROR;
				GCC_WARN_UNDECLARED_SELECTOR = YES;
				GCC_WARN_UNINITIALIZED_AUTOS = YES_AGGRESSIVE;
				GCC_WARN_UNUSED_FUNCTION = YES;
				GCC_WARN_UNUSED_VARIABLE = YES;
				IPHONEOS_DEPLOYMENT_TARGET = 12.2;
				MTL_ENABLE_DEBUG_INFO = NO;
				MTL_FAST_MATH = YES;
				SDKROOT = iphoneos;
				VALIDATE_PRODUCT = YES;
			};
			name = Release;
		};
		4187F1E022D178C300A59C33 /* Debug */ = {
			isa = XCBuildConfiguration;
			baseConfigurationReference = E061B38037921C1C4DDC642C /* Pods-MMDrawerDemo.debug.xcconfig */;
			buildSettings = {
				ASSETCATALOG_COMPILER_APPICON_NAME = AppIcon;
				CODE_SIGN_STYLE = Automatic;
				INFOPLIST_FILE = MMDrawerDemo/Info.plist;
				LD_RUNPATH_SEARCH_PATHS = (
					"$(inherited)",
					"@executable_path/Frameworks",
				);
				PRODUCT_BUNDLE_IDENTIFIER = com.sinno.MMDrawerDemo;
				PRODUCT_NAME = "$(TARGET_NAME)";
				TARGETED_DEVICE_FAMILY = "1,2";
			};
			name = Debug;
		};
		4187F1E122D178C300A59C33 /* Release */ = {
			isa = XCBuildConfiguration;
			baseConfigurationReference = D74E510F0814E2E1C84E87FC /* Pods-MMDrawerDemo.release.xcconfig */;
			buildSettings = {
				ASSETCATALOG_COMPILER_APPICON_NAME = AppIcon;
				CODE_SIGN_STYLE = Automatic;
				INFOPLIST_FILE = MMDrawerDemo/Info.plist;
				LD_RUNPATH_SEARCH_PATHS = (
					"$(inherited)",
					"@executable_path/Frameworks",
				);
				PRODUCT_BUNDLE_IDENTIFIER = com.sinno.MMDrawerDemo;
				PRODUCT_NAME = "$(TARGET_NAME)";
				TARGETED_DEVICE_FAMILY = "1,2";
			};
			name = Release;
		};
/* End XCBuildConfiguration section */

/* Begin XCConfigurationList section */
		4187F1C422D178C000A59C33 /* Build configuration list for PBXProject "MMDrawerDemo" */ = {
			isa = XCConfigurationList;
			buildConfigurations = (
				4187F1DD22D178C300A59C33 /* Debug */,
				4187F1DE22D178C300A59C33 /* Release */,
			);
			defaultConfigurationIsVisible = 0;
			defaultConfigurationName = Release;
		};
		4187F1DF22D178C300A59C33 /* Build configuration list for PBXNativeTarget "MMDrawerDemo" */ = {
			isa = XCConfigurationList;
			buildConfigurations = (
				4187F1E022D178C300A59C33 /* Debug */,
				4187F1E122D178C300A59C33 /* Release */,
			);
			defaultConfigurationIsVisible = 0;
			defaultConfigurationName = Release;
		};
/* End XCConfigurationList section */
	};
	rootObject = 4187F1C122D178C000A59C33 /* Project object */;
}
