PODS:
  - Masonry (1.1.0)
  - MMDrawerController (0.6.0):
    - MMDrawerController/Core (= 0.6.0)
    - MMDrawerController/MMDrawerBarButtonItem (= 0.6.0)
    - MMDrawerController/MMDrawerVisualStates (= 0.6.0)
    - MMDrawerController/Subclass (= 0.6.0)
  - MMDrawerController/Core (0.6.0)
  - MMDrawerController/MMDrawerBarButtonItem (0.6.0):
    - MMDrawerController/Core
  - MMDrawerController/MMDrawerVisualStates (0.6.0):
    - MMDrawerController/Core
  - MMDrawerController/Subclass (0.6.0):
    - MMDrawerController/Core

DEPENDENCIES:
  - Masonry
  - MMDrawerController

SPEC REPOS:
  https://github.com/cocoapods/specs.git:
    - Masonry
    - MMDrawerController

SPEC CHECKSUMS:
  Masonry: 678fab65091a9290e40e2832a55e7ab731aad201
  MMDrawerController: e3a54a5570388463ad3b36975251575b50c4e1a0

PODFILE CHECKSUM: 41f734af57db9f9fababa12f9ed15fe8f31ecb82

COCOAPODS: 1.7.2
